
Microsoft Visual Studio Solution File, Format Version 12.00
# Visual Studio Version 17
VisualStudioVersion = 17.8.34330.188
MinimumVisualStudioVersion = 10.0.40219.1
Project("{FAE04EC0-301F-11D3-BF4B-00C04F79EFBC}") = "CustomCollection", "CustomCollection.csproj", "{52E26A01-7FB4-4E23-A510-8DE5277FD8DB}"
EndProject
Global
	GlobalSection(SolutionConfigurationPlatforms) = preSolution
		Debug|Any CPU = Debug|Any CPU
		Release|Any CPU = Release|Any CPU
	EndGlobalSection
	GlobalSection(ProjectConfigurationPlatforms) = postSolution
		{52E26A01-7FB4-4E23-A510-8DE5277FD8DB}.Debug|Any CPU.ActiveCfg = Debug|Any CPU
		{52E26A01-7FB4-4E23-A510-8DE5277FD8DB}.Debug|Any CPU.Build.0 = Debug|Any CPU
		{52E26A01-7FB4-4E23-A510-8DE5277FD8DB}.Release|Any CPU.ActiveCfg = Release|Any CPU
		{52E26A01-7FB4-4E23-A510-8DE5277FD8DB}.Release|Any CPU.Build.0 = Release|Any CPU
	EndGlobalSection
	GlobalSection(SolutionProperties) = preSolution
		HideSolutionNode = FALSE
	EndGlobalSection
	GlobalSection(ExtensibilityGlobals) = postSolution
		SolutionGuid = {27469AFA-142E-4801-B28D-C44DCF62D084}
	EndGlobalSection
EndGlobal
